# generated by appimage/build.sh --relock, do not edit
asn1crypto==1.5.1 \
    --hash=sha256:db4e40728b728508912cbb3d44f19ce188f218e9eba635821bb4b68564f8fd67
base58==2.1.1 \
    --hash=sha256:11a36f4d3ce51dfc1043f3218591ac4eb1ceb172919cebe05b52a5bcc8d245c2
bech32==1.2.0 \
    --hash=sha256:990dc8e5a5e4feabbdf55207b5315fdd9b73db40be294a19b3752cde9e79d981
cffi==2.1.1 \
    --hash=sha256:34e261f78cb6ceaaa36f42f2613f4380d94d9c759a9c73c769ee6e0247364632
coincurve==18.0.0 \
    --hash=sha256:257c6171cd0301c119ef41360f0d0c2fb5cc288717b33d3bd5482a4c9ae04551
numpy==1.24.0 \
    --hash=sha256:ada6c1e9608ceadaf7020e1deea508b73ace85560a16f51bef26aecb93626a72
opencv-python-headless==4.6.0.66 \
    --hash=sha256:2c032c373e447c3fc2a670bca20e2918a1205a6e72854df60425fd3f82c78c32
pillow==12.3.0 \
    --hash=sha256:23d27a3e0307ec2244cc51e7287b919aa68d097504ebe19df4e76a98a3eea5bd
pycparser==3.0 \
    --hash=sha256:b727414169a36b7d524c1c3e31839a521725078d7b2ff038656844266160a992
python-gnupg==0.5.0 \
    --hash=sha256:345723a03e67b82aba0ea8ae2328b2e4a3906fbe2c18c4082285c3b01068f270
qrcode==6.1 \
    --hash=sha256:3996ee560fc39532910603704c82980ff6d4d5d629f9c3f25f34174ce8606cf5
ripemd-hash==1.0.0 \
    --hash=sha256:61e0fb54c13a28cf38d75b66c71058292c955d7c96b4514c6bd5840e08a49ec7
six==1.17.0 \
    --hash=sha256:4721f391ed90541fddacab5acf947aa0d3dc7d27b2e1e8eda2be8970586c3274
sounddevice==0.4.5 \
    --hash=sha256:5cea4afd9412e731f50ae09a54d68b10628a604cfd56b42a976c54d424c6c39d
